
Microsoft Visual Studio Solution File, Format Version 12.00
# Visual Studio Version 17
VisualStudioVersion = 17.2.33130.433
MinimumVisualStudioVersion = 10.0.40219.1
Project("{FAE04EC0-301F-11D3-BF4B-00C04F79EFBC}") = "VisualStudioOfflineDownloadScriptsGenerator", "VisualStudioOfflineDownloadScriptsGenerator\VisualStudioOfflineDownloadScriptsGenerator.csproj", "{84FEE3D3-5034-4B09-BD5B-29E48AADBCB3}"
EndProject
Global
	GlobalSection(SolutionConfigurationPlatforms) = preSolution
		Debug|Any CPU = Debug|Any CPU
		Release|Any CPU = Release|Any CPU
	EndGlobalSection
	GlobalSection(ProjectConfigurationPlatforms) = postSolution
		{84FEE3D3-5034-4B09-BD5B-29E48AADBCB3}.Debug|Any CPU.ActiveCfg = Debug|Any CPU
		{84FEE3D3-5034-4B09-BD5B-29E48AADBCB3}.Debug|Any CPU.Build.0 = Debug|Any CPU
		{84FEE3D3-5034-4B09-BD5B-29E48AADBCB3}.Release|Any CPU.ActiveCfg = Release|Any CPU
		{84FEE3D3-5034-4B09-BD5B-29E48AADBCB3}.Release|Any CPU.Build.0 = Release|Any CPU
	EndGlobalSection
	GlobalSection(SolutionProperties) = preSolution
		HideSolutionNode = FALSE
	EndGlobalSection
	GlobalSection(ExtensibilityGlobals) = postSolution
		SolutionGuid = {E2C14F01-10BE-436D-92C8-6044C78D70F0}
	EndGlobalSection
EndGlobal
